// !$*UTF8*$!
{
	archiveVersion = 1;
	classes = {
	};
	objectVersion = 46;
	objects = {

/* Begin PBXBuildFile section */
		5EBA263A3E2B5E42AEF3F24F /* libPods.a in Frameworks */ = {isa = PBXBuildFile; fileRef = 8427C57341140A2691BB3456 /* libPods.a */; };
		92160CD717DEAF2C00933199 /* GHVocabularyViewController.m in Sources */ = {isa = PBXBuildFile; fileRef = 92160CD617DEAF2C00933199 /* GHVocabularyViewController.m */; };
		925A953817E26CCF00211624 /* arrow.png in Resources */ = {isa = PBXBuildFile; fileRef = 925A953617E26CCF00211624 /* arrow.png */; };
		925A953917E26CCF00211624 /* arrow@2x.png in Resources */ = {isa = PBXBuildFile; fileRef = 925A953717E26CCF00211624 /* arrow@2x.png */; };
		92810CBD176A077000C0A53C /* favorites_title_ru.png in Resources */ = {isa = PBXBuildFile; fileRef = 92810CBB176A077000C0A53C /* favorites_title_ru.png */; };
		92810CBE176A077000C0A53C /* favorites_title_ru@2x.png in Resources */ = {isa = PBXBuildFile; fileRef = 92810CBC176A077000C0A53C /* favorites_title_ru@2x.png */; };
		92810CCA176A079E00C0A53C /* aphorisms_title_en.png in Resources */ = {isa = PBXBuildFile; fileRef = 92810CC0176A079E00C0A53C /* aphorisms_title_en.png */; };
		92810CCB176A079E00C0A53C /* aphorisms_title_en@2x.png in Resources */ = {isa = PBXBuildFile; fileRef = 92810CC1176A079E00C0A53C /* aphorisms_title_en@2x.png */; };
		92810CCC176A079E00C0A53C /* favorites_title_en.png in Resources */ = {isa = PBXBuildFile; fileRef = 92810CC2176A079E00C0A53C /* favorites_title_en.png */; };
		92810CCD176A079E00C0A53C /* favorites_title_en@2x.png in Resources */ = {isa = PBXBuildFile; fileRef = 92810CC3176A079E00C0A53C /* favorites_title_en@2x.png */; };
		92810CCE176A079E00C0A53C /* style_title_en.png in Resources */ = {isa = PBXBuildFile; fileRef = 92810CC4176A079E00C0A53C /* style_title_en.png */; };
		92810CCF176A079E00C0A53C /* style_title_en@2x.png in Resources */ = {isa = PBXBuildFile; fileRef = 92810CC5176A079E00C0A53C /* style_title_en@2x.png */; };
		92810CD0176A079E00C0A53C /* thoughts_title_en.png in Resources */ = {isa = PBXBuildFile; fileRef = 92810CC6176A079E00C0A53C /* thoughts_title_en.png */; };
		92810CD1176A079E00C0A53C /* thoughts_title_en@2x.png in Resources */ = {isa = PBXBuildFile; fileRef = 92810CC7176A079E00C0A53C /* thoughts_title_en@2x.png */; };
		92810CD2176A079E00C0A53C /* vocabulary_title_en.png in Resources */ = {isa = PBXBuildFile; fileRef = 92810CC8176A079E00C0A53C /* vocabulary_title_en.png */; };
		92810CD3176A079E00C0A53C /* vocabulary_title_en@2x.png in Resources */ = {isa = PBXBuildFile; fileRef = 92810CC9176A079E00C0A53C /* vocabulary_title_en@2x.png */; };
		929340821743C31800802420 /* AppDelegate.m in Sources */ = {isa = PBXBuildFile; fileRef = 9293406D1743C31800802420 /* AppDelegate.m */; };
		929340851743C31800802420 /* main.m in Sources */ = {isa = PBXBuildFile; fileRef = 929340751743C31800802420 /* main.m */; };
		9293413117441A7300802420 /* GHAphorismsViewController.m in Sources */ = {isa = PBXBuildFile; fileRef = 9293412817441A7300802420 /* GHAphorismsViewController.m */; };
		9293413317441A7300802420 /* GHStyleViewController.m in Sources */ = {isa = PBXBuildFile; fileRef = 9293412C17441A7300802420 /* GHStyleViewController.m */; };
		9293413417441A7300802420 /* GHWisdomViewController.m in Sources */ = {isa = PBXBuildFile; fileRef = 9293412E17441A7300802420 /* GHWisdomViewController.m */; };
		9293413517441A7300802420 /* GHVocabularyDefinitionViewController.m in Sources */ = {isa = PBXBuildFile; fileRef = 9293413017441A7300802420 /* GHVocabularyDefinitionViewController.m */; };
		92A6FC851783736A00B911BD /* GHCategory.m in Sources */ = {isa = PBXBuildFile; fileRef = 92A6FC7D1783736A00B911BD /* GHCategory.m */; };
		92A6FC861783736A00B911BD /* GHPost.m in Sources */ = {isa = PBXBuildFile; fileRef = 92A6FC7F1783736A00B911BD /* GHPost.m */; };
		92A6FC871783736A00B911BD /* _GHCategory.m in Sources */ = {isa = PBXBuildFile; fileRef = 92A6FC821783736A00B911BD /* _GHCategory.m */; };
		92A6FC881783736A00B911BD /* _GHPost.m in Sources */ = {isa = PBXBuildFile; fileRef = 92A6FC841783736A00B911BD /* _GHPost.m */; };
		92B0E25517EAEC1E0078C851 /* _GHAttachment.m in Sources */ = {isa = PBXBuildFile; fileRef = 92B0E25417EAEC1E0078C851 /* _GHAttachment.m */; };
		92B0E25817EAEC630078C851 /* GHAttachment.m in Sources */ = {isa = PBXBuildFile; fileRef = 92B0E25717EAEC630078C851 /* GHAttachment.m */; };
		92D3594517452F120059A902 /* GHRootViewController.m in Sources */ = {isa = PBXBuildFile; fileRef = 92D3594417452F120059A902 /* GHRootViewController.m */; };
		92D359A417453C090059A902 /* Definitions.m in Sources */ = {isa = PBXBuildFile; fileRef = 92D359A317453C090059A902 /* Definitions.m */; };
		92D359A7174541720059A902 /* GHContentViewController.m in Sources */ = {isa = PBXBuildFile; fileRef = 92D359A6174541710059A902 /* GHContentViewController.m */; };
		92D359AA1745FD890059A902 /* GHWebCell.m in Sources */ = {isa = PBXBuildFile; fileRef = 92D359A91745FD890059A902 /* GHWebCell.m */; };
		92D44DE817ECDDB5006BD09C /* 6_aphorisms_title_en.png in Resources */ = {isa = PBXBuildFile; fileRef = 92D44DDE17ECDDB5006BD09C /* 6_aphorisms_title_en.png */; };
		92D44DE917ECDDB5006BD09C /* 6_aphorisms_title_en@2x.png in Resources */ = {isa = PBXBuildFile; fileRef = 92D44DDF17ECDDB5006BD09C /* 6_aphorisms_title_en@2x.png */; };
		92D44DEA17ECDDB5006BD09C /* 6_favorites_title_en.png in Resources */ = {isa = PBXBuildFile; fileRef = 92D44DE017ECDDB5006BD09C /* 6_favorites_title_en.png */; };
		92D44DEB17ECDDB5006BD09C /* 6_favorites_title_en@2x.png in Resources */ = {isa = PBXBuildFile; fileRef = 92D44DE117ECDDB5006BD09C /* 6_favorites_title_en@2x.png */; };
		92D44DEC17ECDDB5006BD09C /* 6_style_title_en.png in Resources */ = {isa = PBXBuildFile; fileRef = 92D44DE217ECDDB5006BD09C /* 6_style_title_en.png */; };
		92D44DED17ECDDB5006BD09C /* 6_style_title_en@2x.png in Resources */ = {isa = PBXBuildFile; fileRef = 92D44DE317ECDDB5006BD09C /* 6_style_title_en@2x.png */; };
		92D44DEE17ECDDB5006BD09C /* 6_thoughts_title_en.png in Resources */ = {isa = PBXBuildFile; fileRef = 92D44DE417ECDDB5006BD09C /* 6_thoughts_title_en.png */; };
		92D44DEF17ECDDB5006BD09C /* 6_thoughts_title_en@2x.png in Resources */ = {isa = PBXBuildFile; fileRef = 92D44DE517ECDDB5006BD09C /* 6_thoughts_title_en@2x.png */; };
		92D44DF017ECDDB5006BD09C /* 6_vocabulary_title_en.png in Resources */ = {isa = PBXBuildFile; fileRef = 92D44DE617ECDDB5006BD09C /* 6_vocabulary_title_en.png */; };
		92D44DF117ECDDB5006BD09C /* 6_vocabulary_title_en@2x.png in Resources */ = {isa = PBXBuildFile; fileRef = 92D44DE717ECDDB5006BD09C /* 6_vocabulary_title_en@2x.png */; };
		92D44DFC17ECDDCA006BD09C /* 6_aphorisms_title_ru.png in Resources */ = {isa = PBXBuildFile; fileRef = 92D44DF217ECDDCA006BD09C /* 6_aphorisms_title_ru.png */; };
		92D44DFD17ECDDCA006BD09C /* 6_aphorisms_title_ru@2x.png in Resources */ = {isa = PBXBuildFile; fileRef = 92D44DF317ECDDCA006BD09C /* 6_aphorisms_title_ru@2x.png */; };
		92D44DFE17ECDDCA006BD09C /* 6_favorites_title_ru.png in Resources */ = {isa = PBXBuildFile; fileRef = 92D44DF417ECDDCA006BD09C /* 6_favorites_title_ru.png */; };
		92D44DFF17ECDDCA006BD09C /* 6_favorites_title_ru@2x.png in Resources */ = {isa = PBXBuildFile; fileRef = 92D44DF517ECDDCA006BD09C /* 6_favorites_title_ru@2x.png */; };
		92D44E0017ECDDCA006BD09C /* 6_style_title_ru.png in Resources */ = {isa = PBXBuildFile; fileRef = 92D44DF617ECDDCA006BD09C /* 6_style_title_ru.png */; };
		92D44E0117ECDDCA006BD09C /* 6_style_title_ru@2x.png in Resources */ = {isa = PBXBuildFile; fileRef = 92D44DF717ECDDCA006BD09C /* 6_style_title_ru@2x.png */; };
		92D44E0217ECDDCA006BD09C /* 6_thoughts_title_ru.png in Resources */ = {isa = PBXBuildFile; fileRef = 92D44DF817ECDDCA006BD09C /* 6_thoughts_title_ru.png */; };
		92D44E0317ECDDCA006BD09C /* 6_thoughts_title_ru@2x.png in Resources */ = {isa = PBXBuildFile; fileRef = 92D44DF917ECDDCA006BD09C /* 6_thoughts_title_ru@2x.png */; };
		92D44E0417ECDDCA006BD09C /* 6_vocabulary_title_ru.png in Resources */ = {isa = PBXBuildFile; fileRef = 92D44DFA17ECDDCA006BD09C /* 6_vocabulary_title_ru.png */; };
		92D44E0517ECDDCA006BD09C /* 6_vocabulary_title_ru@2x.png in Resources */ = {isa = PBXBuildFile; fileRef = 92D44DFB17ECDDCA006BD09C /* 6_vocabulary_title_ru@2x.png */; };
		92D44E2917EF2CCD006BD09C /* Images.xcassets in Resources */ = {isa = PBXBuildFile; fileRef = 92D44E2817EF2CCD006BD09C /* Images.xcassets */; };
		92D44E3717EFA7FF006BD09C /* GHPostViewController.m in Sources */ = {isa = PBXBuildFile; fileRef = 92D44E3617EFA7FF006BD09C /* GHPostViewController.m */; };
		92D44E3B17F04558006BD09C /* gear.png in Resources */ = {isa = PBXBuildFile; fileRef = 92D44E3917F04558006BD09C /* gear.png */; };
		92D44E3C17F04558006BD09C /* gear@2x.png in Resources */ = {isa = PBXBuildFile; fileRef = 92D44E3A17F04558006BD09C /* gear@2x.png */; };
		92D44E4017F06046006BD09C /* 6_gear.png in Resources */ = {isa = PBXBuildFile; fileRef = 92D44E3E17F06046006BD09C /* 6_gear.png */; };
		92D44E4117F06046006BD09C /* 6_gear@2x.png in Resources */ = {isa = PBXBuildFile; fileRef = 92D44E3F17F06046006BD09C /* 6_gear@2x.png */; };
		92D44E4317F082A0006BD09C /* Settings.bundle in Resources */ = {isa = PBXBuildFile; fileRef = 92D44E4217F082A0006BD09C /* Settings.bundle */; };
		92DB6319175CE52C000C2343 /* MainStoryboard.storyboard in Resources */ = {isa = PBXBuildFile; fileRef = 92DB62DE175CE52B000C2343 /* MainStoryboard.storyboard */; };
		92DB631A175CE52C000C2343 /* InfoPlist.strings in Resources */ = {isa = PBXBuildFile; fileRef = 92DB62E1175CE52B000C2343 /* InfoPlist.strings */; };
		92DB631B175CE52C000C2343 /* Localizable.strings in Resources */ = {isa = PBXBuildFile; fileRef = 92DB62E3175CE52B000C2343 /* Localizable.strings */; };
		92DB631C175CE52C000C2343 /* MainStoryboard.strings in Resources */ = {isa = PBXBuildFile; fileRef = 92DB62E5175CE52C000C2343 /* MainStoryboard.strings */; };
		92DB631E175CE52C000C2343 /* Default-568h@2x.png in Resources */ = {isa = PBXBuildFile; fileRef = 92DB62E9175CE52C000C2343 /* Default-568h@2x.png */; };
		92DB631F175CE52C000C2343 /* Default.png in Resources */ = {isa = PBXBuildFile; fileRef = 92DB62EA175CE52C000C2343 /* Default.png */; };
		92DB6320175CE52C000C2343 /* Default@2x.png in Resources */ = {isa = PBXBuildFile; fileRef = 92DB62EB175CE52C000C2343 /* Default@2x.png */; };
		92DB6321175CE52C000C2343 /* Icon-512.png in Resources */ = {isa = PBXBuildFile; fileRef = 92DB62EC175CE52C000C2343 /* Icon-512.png */; };
		92DB6322175CE52C000C2343 /* Icon-iPad.png in Resources */ = {isa = PBXBuildFile; fileRef = 92DB62ED175CE52C000C2343 /* Icon-iPad.png */; };
		92DB6323175CE52C000C2343 /* Icon.png in Resources */ = {isa = PBXBuildFile; fileRef = 92DB62EE175CE52C000C2343 /* Icon.png */; };
		92DB6324175CE52C000C2343 /* Icon@2x.png in Resources */ = {isa = PBXBuildFile; fileRef = 92DB62EF175CE52C000C2343 /* Icon@2x.png */; };
		92DB6325175CE52C000C2343 /* background.png in Resources */ = {isa = PBXBuildFile; fileRef = 92DB62F2175CE52C000C2343 /* background.png */; };
		92DB6326175CE52C000C2343 /* background@2x.png in Resources */ = {isa = PBXBuildFile; fileRef = 92DB62F3175CE52C000C2343 /* background@2x.png */; };
		92DB6327175CE52C000C2343 /* logo.png in Resources */ = {isa = PBXBuildFile; fileRef = 92DB62F4175CE52C000C2343 /* logo.png */; };
		92DB6328175CE52C000C2343 /* logo@2x.png in Resources */ = {isa = PBXBuildFile; fileRef = 92DB62F5175CE52C000C2343 /* logo@2x.png */; };
		92DB6329175CE52C000C2343 /* title.png in Resources */ = {isa = PBXBuildFile; fileRef = 92DB62F6175CE52C000C2343 /* title.png */; };
		92DB632A175CE52C000C2343 /* title@2x.png in Resources */ = {isa = PBXBuildFile; fileRef = 92DB62F7175CE52C000C2343 /* title@2x.png */; };
		92DB632B175CE52C000C2343 /* anchor.png in Resources */ = {isa = PBXBuildFile; fileRef = 92DB62F9175CE52C000C2343 /* anchor.png */; };
		92DB632C175CE52C000C2343 /* anchor@2x.png in Resources */ = {isa = PBXBuildFile; fileRef = 92DB62FA175CE52C000C2343 /* anchor@2x.png */; };
		92DB632D175CE52C000C2343 /* favorited.png in Resources */ = {isa = PBXBuildFile; fileRef = 92DB62FB175CE52C000C2343 /* favorited.png */; };
		92DB632E175CE52C000C2343 /* aphorisms.png in Resources */ = {isa = PBXBuildFile; fileRef = 92DB62FD175CE52C000C2343 /* aphorisms.png */; };
		92DB632F175CE52C000C2343 /* aphorisms@2x.png in Resources */ = {isa = PBXBuildFile; fileRef = 92DB62FE175CE52C000C2343 /* aphorisms@2x.png */; };
		92DB6330175CE52C000C2343 /* favorites.png in Resources */ = {isa = PBXBuildFile; fileRef = 92DB62FF175CE52C000C2343 /* favorites.png */; };
		92DB6331175CE52C000C2343 /* favorites@2x.png in Resources */ = {isa = PBXBuildFile; fileRef = 92DB6300175CE52C000C2343 /* favorites@2x.png */; };
		92DB6332175CE52C000C2343 /* settings.png in Resources */ = {isa = PBXBuildFile; fileRef = 92DB6301175CE52C000C2343 /* settings.png */; };
		92DB6333175CE52C000C2343 /* settings@2x.png in Resources */ = {isa = PBXBuildFile; fileRef = 92DB6302175CE52C000C2343 /* settings@2x.png */; };
		92DB6334175CE52C000C2343 /* style.png in Resources */ = {isa = PBXBuildFile; fileRef = 92DB6303175CE52C000C2343 /* style.png */; };
		92DB6335175CE52C000C2343 /* style@2x.png in Resources */ = {isa = PBXBuildFile; fileRef = 92DB6304175CE52C000C2343 /* style@2x.png */; };
		92DB6336175CE52C000C2343 /* thoughts.png in Resources */ = {isa = PBXBuildFile; fileRef = 92DB6305175CE52C000C2343 /* thoughts.png */; };
		92DB6337175CE52C000C2343 /* thoughts@2x.png in Resources */ = {isa = PBXBuildFile; fileRef = 92DB6306175CE52C000C2343 /* thoughts@2x.png */; };
		92DB6338175CE52C000C2343 /* vocabulary.png in Resources */ = {isa = PBXBuildFile; fileRef = 92DB6307175CE52C000C2343 /* vocabulary.png */; };
		92DB6339175CE52C000C2343 /* vocabulary@2x.png in Resources */ = {isa = PBXBuildFile; fileRef = 92DB6308175CE52C000C2343 /* vocabulary@2x.png */; };
		92DB633C175CE52C000C2343 /* aphorisms_title_ru.png in Resources */ = {isa = PBXBuildFile; fileRef = 92DB630E175CE52C000C2343 /* aphorisms_title_ru.png */; };
		92DB633D175CE52C000C2343 /* aphorisms_title_ru@2x.png in Resources */ = {isa = PBXBuildFile; fileRef = 92DB630F175CE52C000C2343 /* aphorisms_title_ru@2x.png */; };
		92DB633E175CE52C000C2343 /* style_title_ru.png in Resources */ = {isa = PBXBuildFile; fileRef = 92DB6310175CE52C000C2343 /* style_title_ru.png */; };
		92DB633F175CE52C000C2343 /* style_title_ru@2x.png in Resources */ = {isa = PBXBuildFile; fileRef = 92DB6311175CE52C000C2343 /* style_title_ru@2x.png */; };
		92DB6340175CE52C000C2343 /* thoughts_title_ru.png in Resources */ = {isa = PBXBuildFile; fileRef = 92DB6312175CE52C000C2343 /* thoughts_title_ru.png */; };
		92DB6341175CE52C000C2343 /* thoughts_title_ru@2x.png in Resources */ = {isa = PBXBuildFile; fileRef = 92DB6313175CE52C000C2343 /* thoughts_title_ru@2x.png */; };
		92DB6342175CE52C000C2343 /* vocabulary_title_ru.png in Resources */ = {isa = PBXBuildFile; fileRef = 92DB6314175CE52C000C2343 /* vocabulary_title_ru.png */; };
		92DB6343175CE52C000C2343 /* vocabulary_title_ru@2x.png in Resources */ = {isa = PBXBuildFile; fileRef = 92DB6315175CE52C000C2343 /* vocabulary_title_ru@2x.png */; };
		92DB6348175D0C35000C2343 /* GHFavoritesViewController.m in Sources */ = {isa = PBXBuildFile; fileRef = 92DB6347175D0C35000C2343 /* GHFavoritesViewController.m */; };
		92DB634B175D0EE7000C2343 /* Model.xcdatamodeld in Sources */ = {isa = PBXBuildFile; fileRef = 92DB6349175D0EE7000C2343 /* Model.xcdatamodeld */; };
/* End PBXBuildFile section */

/* Begin PBXFileReference section */
		2FD07CB7162D57F5744C0789 /* Pods.release.xcconfig */ = {isa = PBXFileReference; includeInIndex = 1; lastKnownFileType = text.xcconfig; name = Pods.release.xcconfig; path = "Pods/Target Support Files/Pods/Pods.release.xcconfig"; sourceTree = "<group>"; };
		8427C57341140A2691BB3456 /* libPods.a */ = {isa = PBXFileReference; explicitFileType = archive.ar; includeInIndex = 0; path = libPods.a; sourceTree = BUILT_PRODUCTS_DIR; };
		92160CD517DEAF2C00933199 /* GHVocabularyViewController.h */ = {isa = PBXFileReference; fileEncoding = 4; lastKnownFileType = sourcecode.c.h; path = GHVocabularyViewController.h; sourceTree = "<group>"; };
		92160CD617DEAF2C00933199 /* GHVocabularyViewController.m */ = {isa = PBXFileReference; fileEncoding = 4; lastKnownFileType = sourcecode.c.objc; path = GHVocabularyViewController.m; sourceTree = "<group>"; };
		925A953617E26CCF00211624 /* arrow.png */ = {isa = PBXFileReference; lastKnownFileType = image.png; path = arrow.png; sourceTree = "<group>"; };
		925A953717E26CCF00211624 /* arrow@2x.png */ = {isa = PBXFileReference; lastKnownFileType = image.png; path = "arrow@2x.png"; sourceTree = "<group>"; };
		92810CBB176A077000C0A53C /* favorites_title_ru.png */ = {isa = PBXFileReference; lastKnownFileType = image.png; path = favorites_title_ru.png; sourceTree = "<group>"; };
		92810CBC176A077000C0A53C /* favorites_title_ru@2x.png */ = {isa = PBXFileReference; lastKnownFileType = image.png; path = "favorites_title_ru@2x.png"; sourceTree = "<group>"; };
		92810CC0176A079E00C0A53C /* aphorisms_title_en.png */ = {isa = PBXFileReference; lastKnownFileType = image.png; path = aphorisms_title_en.png; sourceTree = "<group>"; };
		92810CC1176A079E00C0A53C /* aphorisms_title_en@2x.png */ = {isa = PBXFileReference; lastKnownFileType = image.png; path = "aphorisms_title_en@2x.png"; sourceTree = "<group>"; };
		92810CC2176A079E00C0A53C /* favorites_title_en.png */ = {isa = PBXFileReference; lastKnownFileType = image.png; path = favorites_title_en.png; sourceTree = "<group>"; };
		92810CC3176A079E00C0A53C /* favorites_title_en@2x.png */ = {isa = PBXFileReference; lastKnownFileType = image.png; path = "favorites_title_en@2x.png"; sourceTree = "<group>"; };
		92810CC4176A079E00C0A53C /* style_title_en.png */ = {isa = PBXFileReference; lastKnownFileType = image.png; path = style_title_en.png; sourceTree = "<group>"; };
		92810CC5176A079E00C0A53C /* style_title_en@2x.png */ = {isa = PBXFileReference; lastKnownFileType = image.png; path = "style_title_en@2x.png"; sourceTree = "<group>"; };
		92810CC6176A079E00C0A53C /* thoughts_title_en.png */ = {isa = PBXFileReference; lastKnownFileType = image.png; path = thoughts_title_en.png; sourceTree = "<group>"; };
		92810CC7176A079E00C0A53C /* thoughts_title_en@2x.png */ = {isa = PBXFileReference; lastKnownFileType = image.png; path = "thoughts_title_en@2x.png"; sourceTree = "<group>"; };
		92810CC8176A079E00C0A53C /* vocabulary_title_en.png */ = {isa = PBXFileReference; lastKnownFileType = image.png; path = vocabulary_title_en.png; sourceTree = "<group>"; };
		92810CC9176A079E00C0A53C /* vocabulary_title_en@2x.png */ = {isa = PBXFileReference; lastKnownFileType = image.png; path = "vocabulary_title_en@2x.png"; sourceTree = "<group>"; };
		928BBCFB17F2204E00C723F6 /* ru */ = {isa = PBXFileReference; lastKnownFileType = text.plist.strings; name = ru; path = ru.lproj/MainStoryboard.strings; sourceTree = "<group>"; };
		928BBCFD17F2205900C723F6 /* en */ = {isa = PBXFileReference; lastKnownFileType = text.plist.strings; name = en; path = en.lproj/MainStoryboard.strings; sourceTree = "<group>"; };
		9293406C1743C31800802420 /* AppDelegate.h */ = {isa = PBXFileReference; fileEncoding = 4; lastKnownFileType = sourcecode.c.h; path = AppDelegate.h; sourceTree = "<group>"; };
		9293406D1743C31800802420 /* AppDelegate.m */ = {isa = PBXFileReference; fileEncoding = 4; lastKnownFileType = sourcecode.c.objc; path = AppDelegate.m; sourceTree = "<group>"; };
		929340731743C31800802420 /* Definitions.h */ = {isa = PBXFileReference; fileEncoding = 4; lastKnownFileType = sourcecode.c.h; path = Definitions.h; sourceTree = "<group>"; };
		929340741743C31800802420 /* Gentlehood-Prefix.pch */ = {isa = PBXFileReference; fileEncoding = 4; lastKnownFileType = sourcecode.c.h; path = "Gentlehood-Prefix.pch"; sourceTree = "<group>"; };
		929340751743C31800802420 /* main.m */ = {isa = PBXFileReference; fileEncoding = 4; lastKnownFileType = sourcecode.c.objc; path = main.m; sourceTree = "<group>"; };
		9293412717441A7300802420 /* GHAphorismsViewController.h */ = {isa = PBXFileReference; fileEncoding = 4; lastKnownFileType = sourcecode.c.h; path = GHAphorismsViewController.h; sourceTree = "<group>"; };
		9293412817441A7300802420 /* GHAphorismsViewController.m */ = {isa = PBXFileReference; fileEncoding = 4; lastKnownFileType = sourcecode.c.objc; path = GHAphorismsViewController.m; sourceTree = "<group>"; };
		9293412B17441A7300802420 /* GHStyleViewController.h */ = {isa = PBXFileReference; fileEncoding = 4; lastKnownFileType = sourcecode.c.h; path = GHStyleViewController.h; sourceTree = "<group>"; };
		9293412C17441A7300802420 /* GHStyleViewController.m */ = {isa = PBXFileReference; fileEncoding = 4; lastKnownFileType = sourcecode.c.objc; path = GHStyleViewController.m; sourceTree = "<group>"; };
		9293412D17441A7300802420 /* GHWisdomViewController.h */ = {isa = PBXFileReference; fileEncoding = 4; lastKnownFileType = sourcecode.c.h; path = GHWisdomViewController.h; sourceTree = "<group>"; };
		9293412E17441A7300802420 /* GHWisdomViewController.m */ = {isa = PBXFileReference; fileEncoding = 4; lastKnownFileType = sourcecode.c.objc; path = GHWisdomViewController.m; sourceTree = "<group>"; };
		9293412F17441A7300802420 /* GHVocabularyDefinitionViewController.h */ = {isa = PBXFileReference; fileEncoding = 4; lastKnownFileType = sourcecode.c.h; path = GHVocabularyDefinitionViewController.h; sourceTree = "<group>"; };
		9293413017441A7300802420 /* GHVocabularyDefinitionViewController.m */ = {isa = PBXFileReference; fileEncoding = 4; lastKnownFileType = sourcecode.c.objc; path = GHVocabularyDefinitionViewController.m; sourceTree = "<group>"; };
		92A6FC7C1783736A00B911BD /* GHCategory.h */ = {isa = PBXFileReference; fileEncoding = 4; lastKnownFileType = sourcecode.c.h; path = GHCategory.h; sourceTree = "<group>"; };
		92A6FC7D1783736A00B911BD /* GHCategory.m */ = {isa = PBXFileReference; fileEncoding = 4; lastKnownFileType = sourcecode.c.objc; path = GHCategory.m; sourceTree = "<group>"; };
		92A6FC7E1783736A00B911BD /* GHPost.h */ = {isa = PBXFileReference; fileEncoding = 4; lastKnownFileType = sourcecode.c.h; path = GHPost.h; sourceTree = "<group>"; };
		92A6FC7F1783736A00B911BD /* GHPost.m */ = {isa = PBXFileReference; fileEncoding = 4; lastKnownFileType = sourcecode.c.objc; path = GHPost.m; sourceTree = "<group>"; };
		92A6FC811783736A00B911BD /* _GHCategory.h */ = {isa = PBXFileReference; fileEncoding = 4; lastKnownFileType = sourcecode.c.h; path = _GHCategory.h; sourceTree = "<group>"; };
		92A6FC821783736A00B911BD /* _GHCategory.m */ = {isa = PBXFileReference; fileEncoding = 4; lastKnownFileType = sourcecode.c.objc; path = _GHCategory.m; sourceTree = "<group>"; };
		92A6FC831783736A00B911BD /* _GHPost.h */ = {isa = PBXFileReference; fileEncoding = 4; lastKnownFileType = sourcecode.c.h; path = _GHPost.h; sourceTree = "<group>"; };
		92A6FC841783736A00B911BD /* _GHPost.m */ = {isa = PBXFileReference; fileEncoding = 4; lastKnownFileType = sourcecode.c.objc; path = _GHPost.m; sourceTree = "<group>"; };
		92B0E25317EAEC1E0078C851 /* _GHAttachment.h */ = {isa = PBXFileReference; fileEncoding = 4; lastKnownFileType = sourcecode.c.h; name = _GHAttachment.h; path = Sources/Models/Machine/_GHAttachment.h; sourceTree = SOURCE_ROOT; };
		92B0E25417EAEC1E0078C851 /* _GHAttachment.m */ = {isa = PBXFileReference; fileEncoding = 4; lastKnownFileType = sourcecode.c.objc; name = _GHAttachment.m; path = Sources/Models/Machine/_GHAttachment.m; sourceTree = SOURCE_ROOT; };
		92B0E25617EAEC630078C851 /* GHAttachment.h */ = {isa = PBXFileReference; fileEncoding = 4; lastKnownFileType = sourcecode.c.h; path = GHAttachment.h; sourceTree = "<group>"; };
		92B0E25717EAEC630078C851 /* GHAttachment.m */ = {isa = PBXFileReference; fileEncoding = 4; lastKnownFileType = sourcecode.c.objc; path = GHAttachment.m; sourceTree = "<group>"; };
		92D3594317452F120059A902 /* GHRootViewController.h */ = {isa = PBXFileReference; fileEncoding = 4; lastKnownFileType = sourcecode.c.h; path = GHRootViewController.h; sourceTree = "<group>"; };
		92D3594417452F120059A902 /* GHRootViewController.m */ = {isa = PBXFileReference; fileEncoding = 4; lastKnownFileType = sourcecode.c.objc; path = GHRootViewController.m; sourceTree = "<group>"; };
		92D359A317453C090059A902 /* Definitions.m */ = {isa = PBXFileReference; fileEncoding = 4; lastKnownFileType = sourcecode.c.objc; path = Definitions.m; sourceTree = "<group>"; };
		92D359A5174541710059A902 /* GHContentViewController.h */ = {isa = PBXFileReference; fileEncoding = 4; lastKnownFileType = sourcecode.c.h; path = GHContentViewController.h; sourceTree = "<group>"; };
		92D359A6174541710059A902 /* GHContentViewController.m */ = {isa = PBXFileReference; fileEncoding = 4; lastKnownFileType = sourcecode.c.objc; path = GHContentViewController.m; sourceTree = "<group>"; };
		92D359A81745FD890059A902 /* GHWebCell.h */ = {isa = PBXFileReference; fileEncoding = 4; lastKnownFileType = sourcecode.c.h; path = GHWebCell.h; sourceTree = "<group>"; };
		92D359A91745FD890059A902 /* GHWebCell.m */ = {isa = PBXFileReference; fileEncoding = 4; lastKnownFileType = sourcecode.c.objc; path = GHWebCell.m; sourceTree = "<group>"; };
		92D44DDE17ECDDB5006BD09C /* 6_aphorisms_title_en.png */ = {isa = PBXFileReference; lastKnownFileType = image.png; path = 6_aphorisms_title_en.png; sourceTree = "<group>"; };
		92D44DDF17ECDDB5006BD09C /* 6_aphorisms_title_en@2x.png */ = {isa = PBXFileReference; lastKnownFileType = image.png; path = "6_aphorisms_title_en@2x.png"; sourceTree = "<group>"; };
		92D44DE017ECDDB5006BD09C /* 6_favorites_title_en.png */ = {isa = PBXFileReference; lastKnownFileType = image.png; path = 6_favorites_title_en.png; sourceTree = "<group>"; };
		92D44DE117ECDDB5006BD09C /* 6_favorites_title_en@2x.png */ = {isa = PBXFileReference; lastKnownFileType = image.png; path = "6_favorites_title_en@2x.png"; sourceTree = "<group>"; };
		92D44DE217ECDDB5006BD09C /* 6_style_title_en.png */ = {isa = PBXFileReference; lastKnownFileType = image.png; path = 6_style_title_en.png; sourceTree = "<group>"; };
		92D44DE317ECDDB5006BD09C /* 6_style_title_en@2x.png */ = {isa = PBXFileReference; lastKnownFileType = image.png; path = "6_style_title_en@2x.png"; sourceTree = "<group>"; };
		92D44DE417ECDDB5006BD09C /* 6_thoughts_title_en.png */ = {isa = PBXFileReference; lastKnownFileType = image.png; path = 6_thoughts_title_en.png; sourceTree = "<group>"; };
		92D44DE517ECDDB5006BD09C /* 6_thoughts_title_en@2x.png */ = {isa = PBXFileReference; lastKnownFileType = image.png; path = "6_thoughts_title_en@2x.png"; sourceTree = "<group>"; };
		92D44DE617ECDDB5006BD09C /* 6_vocabulary_title_en.png */ = {isa = PBXFileReference; lastKnownFileType = image.png; path = 6_vocabulary_title_en.png; sourceTree = "<group>"; };
		92D44DE717ECDDB5006BD09C /* 6_vocabulary_title_en@2x.png */ = {isa = PBXFileReference; lastKnownFileType = image.png; path = "6_vocabulary_title_en@2x.png"; sourceTree = "<group>"; };
		92D44DF217ECDDCA006BD09C /* 6_aphorisms_title_ru.png */ = {isa = PBXFileReference; lastKnownFileType = image.png; path = 6_aphorisms_title_ru.png; sourceTree = "<group>"; };
		92D44DF317ECDDCA006BD09C /* 6_aphorisms_title_ru@2x.png */ = {isa = PBXFileReference; lastKnownFileType = image.png; path = "6_aphorisms_title_ru@2x.png"; sourceTree = "<group>"; };
		92D44DF417ECDDCA006BD09C /* 6_favorites_title_ru.png */ = {isa = PBXFileReference; lastKnownFileType = image.png; path = 6_favorites_title_ru.png; sourceTree = "<group>"; };
		92D44DF517ECDDCA006BD09C /* 6_favorites_title_ru@2x.png */ = {isa = PBXFileReference; lastKnownFileType = image.png; path = "6_favorites_title_ru@2x.png"; sourceTree = "<group>"; };
		92D44DF617ECDDCA006BD09C /* 6_style_title_ru.png */ = {isa = PBXFileReference; lastKnownFileType = image.png; path = 6_style_title_ru.png; sourceTree = "<group>"; };
		92D44DF717ECDDCA006BD09C /* 6_style_title_ru@2x.png */ = {isa = PBXFileReference; lastKnownFileType = image.png; path = "6_style_title_ru@2x.png"; sourceTree = "<group>"; };
		92D44DF817ECDDCA006BD09C /* 6_thoughts_title_ru.png */ = {isa = PBXFileReference; lastKnownFileType = image.png; path = 6_thoughts_title_ru.png; sourceTree = "<group>"; };
		92D44DF917ECDDCA006BD09C /* 6_thoughts_title_ru@2x.png */ = {isa = PBXFileReference; lastKnownFileType = image.png; path = "6_thoughts_title_ru@2x.png"; sourceTree = "<group>"; };
		92D44DFA17ECDDCA006BD09C /* 6_vocabulary_title_ru.png */ = {isa = PBXFileReference; lastKnownFileType = image.png; path = 6_vocabulary_title_ru.png; sourceTree = "<group>"; };
		92D44DFB17ECDDCA006BD09C /* 6_vocabulary_title_ru@2x.png */ = {isa = PBXFileReference; lastKnownFileType = image.png; path = "6_vocabulary_title_ru@2x.png"; sourceTree = "<group>"; };
		92D44E2817EF2CCD006BD09C /* Images.xcassets */ = {isa = PBXFileReference; lastKnownFileType = folder.assetcatalog; name = Images.xcassets; path = Resources/Images.xcassets; sourceTree = SOURCE_ROOT; };
		92D44E3517EFA7FF006BD09C /* GHPostViewController.h */ = {isa = PBXFileReference; fileEncoding = 4; lastKnownFileType = sourcecode.c.h; path = GHPostViewController.h; sourceTree = "<group>"; };
		92D44E3617EFA7FF006BD09C /* GHPostViewController.m */ = {isa = PBXFileReference; fileEncoding = 4; lastKnownFileType = sourcecode.c.objc; path = GHPostViewController.m; sourceTree = "<group>"; };
		92D44E3917F04558006BD09C /* gear.png */ = {isa = PBXFileReference; lastKnownFileType = image.png; path = gear.png; sourceTree = "<group>"; };
		92D44E3A17F04558006BD09C /* gear@2x.png */ = {isa = PBXFileReference; lastKnownFileType = image.png; path = "gear@2x.png"; sourceTree = "<group>"; };
		92D44E3E17F06046006BD09C /* 6_gear.png */ = {isa = PBXFileReference; lastKnownFileType = image.png; path = 6_gear.png; sourceTree = "<group>"; };
		92D44E3F17F06046006BD09C /* 6_gear@2x.png */ = {isa = PBXFileReference; lastKnownFileType = image.png; path = "6_gear@2x.png"; sourceTree = "<group>"; };
		92D44E4217F082A0006BD09C /* Settings.bundle */ = {isa = PBXFileReference; lastKnownFileType = "wrapper.plug-in"; path = Settings.bundle; sourceTree = "<group>"; };
		92DB62DF175CE52B000C2343 /* Base */ = {isa = PBXFileReference; lastKnownFileType = file.storyboard; name = Base; path = Base.lproj/MainStoryboard.storyboard; sourceTree = "<group>"; };
		92DB62E2175CE52B000C2343 /* en */ = {isa = PBXFileReference; lastKnownFileType = text.plist.strings; name = en; path = en.lproj/InfoPlist.strings; sourceTree = "<group>"; };
		92DB62E4175CE52B000C2343 /* en */ = {isa = PBXFileReference; lastKnownFileType = text.plist.strings; name = en; path = en.lproj/Localizable.strings; sourceTree = "<group>"; };
		92DB62E6175CE52C000C2343 /* en */ = {isa = PBXFileReference; lastKnownFileType = text.plist.strings; name = en; path = en.lproj/MainStoryboard.strings; sourceTree = "<group>"; };
		92DB62E7175CE52C000C2343 /* Gentlehood-Info.plist */ = {isa = PBXFileReference; fileEncoding = 4; lastKnownFileType = text.plist.xml; path = "Gentlehood-Info.plist"; sourceTree = "<group>"; };
		92DB62E9175CE52C000C2343 /* Default-568h@2x.png */ = {isa = PBXFileReference; lastKnownFileType = image.png; path = "Default-568h@2x.png"; sourceTree = "<group>"; };
		92DB62EA175CE52C000C2343 /* Default.png */ = {isa = PBXFileReference; lastKnownFileType = image.png; path = Default.png; sourceTree = "<group>"; };
		92DB62EB175CE52C000C2343 /* Default@2x.png */ = {isa = PBXFileReference; lastKnownFileType = image.png; path = "Default@2x.png"; sourceTree = "<group>"; };
		92DB62EC175CE52C000C2343 /* Icon-512.png */ = {isa = PBXFileReference; lastKnownFileType = image.png; path = "Icon-512.png"; sourceTree = "<group>"; };
		92DB62ED175CE52C000C2343 /* Icon-iPad.png */ = {isa = PBXFileReference; lastKnownFileType = image.png; path = "Icon-iPad.png"; sourceTree = "<group>"; };
		92DB62EE175CE52C000C2343 /* Icon.png */ = {isa = PBXFileReference; lastKnownFileType = image.png; path = Icon.png; sourceTree = "<group>"; };
		92DB62EF175CE52C000C2343 /* Icon@2x.png */ = {isa = PBXFileReference; lastKnownFileType = image.png; path = "Icon@2x.png"; sourceTree = "<group>"; };
		92DB62F2175CE52C000C2343 /* background.png */ = {isa = PBXFileReference; lastKnownFileType = image.png; path = background.png; sourceTree = "<group>"; };
		92DB62F3175CE52C000C2343 /* background@2x.png */ = {isa = PBXFileReference; lastKnownFileType = image.png; path = "background@2x.png"; sourceTree = "<group>"; };
		92DB62F4175CE52C000C2343 /* logo.png */ = {isa = PBXFileReference; lastKnownFileType = image.png; path = logo.png; sourceTree = "<group>"; };
		92DB62F5175CE52C000C2343 /* logo@2x.png */ = {isa = PBXFileReference; lastKnownFileType = image.png; path = "logo@2x.png"; sourceTree = "<group>"; };
		92DB62F6175CE52C000C2343 /* title.png */ = {isa = PBXFileReference; lastKnownFileType = image.png; path = title.png; sourceTree = "<group>"; };
		92DB62F7175CE52C000C2343 /* title@2x.png */ = {isa = PBXFileReference; lastKnownFileType = image.png; path = "title@2x.png"; sourceTree = "<group>"; };
		92DB62F9175CE52C000C2343 /* anchor.png */ = {isa = PBXFileReference; lastKnownFileType = image.png; path = anchor.png; sourceTree = "<group>"; };
		92DB62FA175CE52C000C2343 /* anchor@2x.png */ = {isa = PBXFileReference; lastKnownFileType = image.png; path = "anchor@2x.png"; sourceTree = "<group>"; };
		92DB62FB175CE52C000C2343 /* favorited.png */ = {isa = PBXFileReference; lastKnownFileType = image.png; path = favorited.png; sourceTree = "<group>"; };
		92DB62FD175CE52C000C2343 /* aphorisms.png */ = {isa = PBXFileReference; lastKnownFileType = image.png; path = aphorisms.png; sourceTree = "<group>"; };
		92DB62FE175CE52C000C2343 /* aphorisms@2x.png */ = {isa = PBXFileReference; lastKnownFileType = image.png; path = "aphorisms@2x.png"; sourceTree = "<group>"; };
		92DB62FF175CE52C000C2343 /* favorites.png */ = {isa = PBXFileReference; lastKnownFileType = image.png; path = favorites.png; sourceTree = "<group>"; };
		92DB6300175CE52C000C2343 /* favorites@2x.png */ = {isa = PBXFileReference; lastKnownFileType = image.png; path = "favorites@2x.png"; sourceTree = "<group>"; };
		92DB6301175CE52C000C2343 /* settings.png */ = {isa = PBXFileReference; lastKnownFileType = image.png; path = settings.png; sourceTree = "<group>"; };
		92DB6302175CE52C000C2343 /* settings@2x.png */ = {isa = PBXFileReference; lastKnownFileType = image.png; path = "settings@2x.png"; sourceTree = "<group>"; };
		92DB6303175CE52C000C2343 /* style.png */ = {isa = PBXFileReference; lastKnownFileType = image.png; path = style.png; sourceTree = "<group>"; };
		92DB6304175CE52C000C2343 /* style@2x.png */ = {isa = PBXFileReference; lastKnownFileType = image.png; path = "style@2x.png"; sourceTree = "<group>"; };
		92DB6305175CE52C000C2343 /* thoughts.png */ = {isa = PBXFileReference; lastKnownFileType = image.png; path = thoughts.png; sourceTree = "<group>"; };
		92DB6306175CE52C000C2343 /* thoughts@2x.png */ = {isa = PBXFileReference; lastKnownFileType = image.png; path = "thoughts@2x.png"; sourceTree = "<group>"; };
		92DB6307175CE52C000C2343 /* vocabulary.png */ = {isa = PBXFileReference; lastKnownFileType = image.png; path = vocabulary.png; sourceTree = "<group>"; };
		92DB6308175CE52C000C2343 /* vocabulary@2x.png */ = {isa = PBXFileReference; lastKnownFileType = image.png; path = "vocabulary@2x.png"; sourceTree = "<group>"; };
		92DB630E175CE52C000C2343 /* aphorisms_title_ru.png */ = {isa = PBXFileReference; lastKnownFileType = image.png; path = aphorisms_title_ru.png; sourceTree = "<group>"; };
		92DB630F175CE52C000C2343 /* aphorisms_title_ru@2x.png */ = {isa = PBXFileReference; lastKnownFileType = image.png; path = "aphorisms_title_ru@2x.png"; sourceTree = "<group>"; };
		92DB6310175CE52C000C2343 /* style_title_ru.png */ = {isa = PBXFileReference; lastKnownFileType = image.png; path = style_title_ru.png; sourceTree = "<group>"; };
		92DB6311175CE52C000C2343 /* style_title_ru@2x.png */ = {isa = PBXFileReference; lastKnownFileType = image.png; path = "style_title_ru@2x.png"; sourceTree = "<group>"; };
		92DB6312175CE52C000C2343 /* thoughts_title_ru.png */ = {isa = PBXFileReference; lastKnownFileType = image.png; path = thoughts_title_ru.png; sourceTree = "<group>"; };
		92DB6313175CE52C000C2343 /* thoughts_title_ru@2x.png */ = {isa = PBXFileReference; lastKnownFileType = image.png; path = "thoughts_title_ru@2x.png"; sourceTree = "<group>"; };
		92DB6314175CE52C000C2343 /* vocabulary_title_ru.png */ = {isa = PBXFileReference; lastKnownFileType = image.png; path = vocabulary_title_ru.png; sourceTree = "<group>"; };
		92DB6315175CE52C000C2343 /* vocabulary_title_ru@2x.png */ = {isa = PBXFileReference; lastKnownFileType = image.png; path = "vocabulary_title_ru@2x.png"; sourceTree = "<group>"; };
		92DB6316175CE52C000C2343 /* ru */ = {isa = PBXFileReference; lastKnownFileType = text.plist.strings; name = ru; path = ru.lproj/InfoPlist.strings; sourceTree = "<group>"; };
		92DB6317175CE52C000C2343 /* ru */ = {isa = PBXFileReference; lastKnownFileType = text.plist.strings; name = ru; path = ru.lproj/Localizable.strings; sourceTree = "<group>"; };
		92DB6318175CE52C000C2343 /* ru */ = {isa = PBXFileReference; lastKnownFileType = text.plist.strings; name = ru; path = ru.lproj/MainStoryboard.strings; sourceTree = "<group>"; };
		92DB6346175D0C35000C2343 /* GHFavoritesViewController.h */ = {isa = PBXFileReference; fileEncoding = 4; lastKnownFileType = sourcecode.c.h; path = GHFavoritesViewController.h; sourceTree = "<group>"; };
		92DB6347175D0C35000C2343 /* GHFavoritesViewController.m */ = {isa = PBXFileReference; fileEncoding = 4; lastKnownFileType = sourcecode.c.objc; path = GHFavoritesViewController.m; sourceTree = "<group>"; };
		92DB634A175D0EE7000C2343 /* Model.xcdatamodel */ = {isa = PBXFileReference; lastKnownFileType = wrapper.xcdatamodel; path = Model.xcdatamodel; sourceTree = "<group>"; };
		92E857451743B4E300D61C42 /* Gentlehood.app */ = {isa = PBXFileReference; explicitFileType = wrapper.application; includeInIndex = 0; path = Gentlehood.app; sourceTree = BUILT_PRODUCTS_DIR; };
		AFE6C73E7EB5303A019252A8 /* Pods.debug.xcconfig */ = {isa = PBXFileReference; includeInIndex = 1; lastKnownFileType = text.xcconfig; name = Pods.debug.xcconfig; path = "Pods/Target Support Files/Pods/Pods.debug.xcconfig"; sourceTree = "<group>"; };
/* End PBXFileReference section */

/* Begin PBXFrameworksBuildPhase section */
		92E857421743B4E300D61C42 /* Frameworks */ = {
			isa = PBXFrameworksBuildPhase;
			buildActionMask = 2147483647;
			files = (
				5EBA263A3E2B5E42AEF3F24F /* libPods.a in Frameworks */,
			);
			runOnlyForDeploymentPostprocessing = 0;
		};
/* End PBXFrameworksBuildPhase section */

/* Begin PBXGroup section */
		0484DD416842C09591FAB555 /* Frameworks */ = {
			isa = PBXGroup;
			children = (
				8427C57341140A2691BB3456 /* libPods.a */,
			);
			name = Frameworks;
			sourceTree = "<group>";
		};
		92810CBF176A079E00C0A53C /* header */ = {
			isa = PBXGroup;
			children = (
				92D44DDE17ECDDB5006BD09C /* 6_aphorisms_title_en.png */,
				92D44DDF17ECDDB5006BD09C /* 6_aphorisms_title_en@2x.png */,
				92D44DE017ECDDB5006BD09C /* 6_favorites_title_en.png */,
				92D44DE117ECDDB5006BD09C /* 6_favorites_title_en@2x.png */,
				92D44DE217ECDDB5006BD09C /* 6_style_title_en.png */,
				92D44DE317ECDDB5006BD09C /* 6_style_title_en@2x.png */,
				92D44DE417ECDDB5006BD09C /* 6_thoughts_title_en.png */,
				92D44DE517ECDDB5006BD09C /* 6_thoughts_title_en@2x.png */,
				92D44DE617ECDDB5006BD09C /* 6_vocabulary_title_en.png */,
				92D44DE717ECDDB5006BD09C /* 6_vocabulary_title_en@2x.png */,
				92810CC0176A079E00C0A53C /* aphorisms_title_en.png */,
				92810CC1176A079E00C0A53C /* aphorisms_title_en@2x.png */,
				92810CC2176A079E00C0A53C /* favorites_title_en.png */,
				92810CC3176A079E00C0A53C /* favorites_title_en@2x.png */,
				92810CC4176A079E00C0A53C /* style_title_en.png */,
				92810CC5176A079E00C0A53C /* style_title_en@2x.png */,
				92810CC6176A079E00C0A53C /* thoughts_title_en.png */,
				92810CC7176A079E00C0A53C /* thoughts_title_en@2x.png */,
				92810CC8176A079E00C0A53C /* vocabulary_title_en.png */,
				92810CC9176A079E00C0A53C /* vocabulary_title_en@2x.png */,
			);
			path = header;
			sourceTree = "<group>";
		};
		9293406B1743C31800802420 /* Sources */ = {
			isa = PBXGroup;
			children = (
				929340751743C31800802420 /* main.m */,
				9293406C1743C31800802420 /* AppDelegate.h */,
				9293406D1743C31800802420 /* AppDelegate.m */,
				929340731743C31800802420 /* Definitions.h */,
				92D359A317453C090059A902 /* Definitions.m */,
				929340741743C31800802420 /* Gentlehood-Prefix.pch */,
				9293406E1743C31800802420 /* Controllers */,
				929340761743C31800802420 /* Models */,
				929340771743C31800802420 /* Views */,
			);
			path = Sources;
			sourceTree = "<group>";
		};
		9293406E1743C31800802420 /* Controllers */ = {
			isa = PBXGroup;
			children = (
				92D3594317452F120059A902 /* GHRootViewController.h */,
				92D3594417452F120059A902 /* GHRootViewController.m */,
				92D359A5174541710059A902 /* GHContentViewController.h */,
				92D359A6174541710059A902 /* GHContentViewController.m */,
				92D44E3517EFA7FF006BD09C /* GHPostViewController.h */,
				92D44E3617EFA7FF006BD09C /* GHPostViewController.m */,
				9293412717441A7300802420 /* GHAphorismsViewController.h */,
				9293412817441A7300802420 /* GHAphorismsViewController.m */,
				92DB6346175D0C35000C2343 /* GHFavoritesViewController.h */,
				92DB6347175D0C35000C2343 /* GHFavoritesViewController.m */,
				9293412B17441A7300802420 /* GHStyleViewController.h */,
				9293412C17441A7300802420 /* GHStyleViewController.m */,
				9293412D17441A7300802420 /* GHWisdomViewController.h */,
				9293412E17441A7300802420 /* GHWisdomViewController.m */,
				92160CD517DEAF2C00933199 /* GHVocabularyViewController.h */,
				92160CD617DEAF2C00933199 /* GHVocabularyViewController.m */,
				9293412F17441A7300802420 /* GHVocabularyDefinitionViewController.h */,
				9293413017441A7300802420 /* GHVocabularyDefinitionViewController.m */,
			);
			path = Controllers;
			sourceTree = "<group>";
		};
		929340761743C31800802420 /* Models */ = {
			isa = PBXGroup;
			children = (
				92A6FC7B1783736A00B911BD /* Human */,
				92A6FC801783736A00B911BD /* Machine */,
				92DB6349175D0EE7000C2343 /* Model.xcdatamodeld */,
			);
			path = Models;
			sourceTree = "<group>";
		};
		929340771743C31800802420 /* Views */ = {
			isa = PBXGroup;
			children = (
				92D359A81745FD890059A902 /* GHWebCell.h */,
				92D359A91745FD890059A902 /* GHWebCell.m */,
			);
			path = Views;
			sourceTree = "<group>";
		};
		92A6FC7B1783736A00B911BD /* Human */ = {
			isa = PBXGroup;
			children = (
				92B0E25617EAEC630078C851 /* GHAttachment.h */,
				92B0E25717EAEC630078C851 /* GHAttachment.m */,
				92A6FC7C1783736A00B911BD /* GHCategory.h */,
				92A6FC7D1783736A00B911BD /* GHCategory.m */,
				92A6FC7E1783736A00B911BD /* GHPost.h */,
				92A6FC7F1783736A00B911BD /* GHPost.m */,
			);
			path = Human;
			sourceTree = "<group>";
		};
		92A6FC801783736A00B911BD /* Machine */ = {
			isa = PBXGroup;
			children = (
				92B0E25317EAEC1E0078C851 /* _GHAttachment.h */,
				92B0E25417EAEC1E0078C851 /* _GHAttachment.m */,
				92A6FC811783736A00B911BD /* _GHCategory.h */,
				92A6FC821783736A00B911BD /* _GHCategory.m */,
				92A6FC831783736A00B911BD /* _GHPost.h */,
				92A6FC841783736A00B911BD /* _GHPost.m */,
			);
			path = Machine;
			sourceTree = "<group>";
		};
		92D44E3817F04558006BD09C /* header */ = {
			isa = PBXGroup;
			children = (
				92D44E3E17F06046006BD09C /* 6_gear.png */,
				92D44E3F17F06046006BD09C /* 6_gear@2x.png */,
				92D44E3917F04558006BD09C /* gear.png */,
				92D44E3A17F04558006BD09C /* gear@2x.png */,
			);
			path = header;
			sourceTree = "<group>";
		};
		92DB62DD175CE52B000C2343 /* Resources */ = {
			isa = PBXGroup;
			children = (
				92DB62DE175CE52B000C2343 /* MainStoryboard.storyboard */,
				92DB62E5175CE52C000C2343 /* MainStoryboard.strings */,
				92DB62E3175CE52B000C2343 /* Localizable.strings */,
				92DB62E1175CE52B000C2343 /* InfoPlist.strings */,
				92D44E4217F082A0006BD09C /* Settings.bundle */,
				92DB62E7175CE52C000C2343 /* Gentlehood-Info.plist */,
				92D44E2817EF2CCD006BD09C /* Images.xcassets */,
				92DB62E8175CE52C000C2343 /* Icons */,
				92DB62F0175CE52C000C2343 /* Images */,
				92DB62E0175CE52B000C2343 /* Images_en */,
				92DB630C175CE52C000C2343 /* Images_ru */,
			);
			path = Resources;
			sourceTree = "<group>";
		};
		92DB62E0175CE52B000C2343 /* Images_en */ = {
			isa = PBXGroup;
			children = (
				92810CBF176A079E00C0A53C /* header */,
			);
			name = Images_en;
			path = en.lproj/Images_en;
			sourceTree = "<group>";
		};
		92DB62E8175CE52C000C2343 /* Icons */ = {
			isa = PBXGroup;
			children = (
				92DB62E9175CE52C000C2343 /* Default-568h@2x.png */,
				92DB62EA175CE52C000C2343 /* Default.png */,
				92DB62EB175CE52C000C2343 /* Default@2x.png */,
				92DB62EC175CE52C000C2343 /* Icon-512.png */,
				92DB62ED175CE52C000C2343 /* Icon-iPad.png */,
				92DB62EE175CE52C000C2343 /* Icon.png */,
				92DB62EF175CE52C000C2343 /* Icon@2x.png */,
			);
			path = Icons;
			sourceTree = "<group>";
		};
		92DB62F0175CE52C000C2343 /* Images */ = {
			isa = PBXGroup;
			children = (
				92D44E3817F04558006BD09C /* header */,
				92DB62F1175CE52C000C2343 /* background */,
				92DB62F8175CE52C000C2343 /* cell */,
				92DB62FC175CE52C000C2343 /* footer */,
			);
			path = Images;
			sourceTree = "<group>";
		};
		92DB62F1175CE52C000C2343 /* background */ = {
			isa = PBXGroup;
			children = (
				92DB62F2175CE52C000C2343 /* background.png */,
				92DB62F3175CE52C000C2343 /* background@2x.png */,
				92DB62F4175CE52C000C2343 /* logo.png */,
				92DB62F5175CE52C000C2343 /* logo@2x.png */,
				92DB62F6175CE52C000C2343 /* title.png */,
				92DB62F7175CE52C000C2343 /* title@2x.png */,
			);
			path = background;
			sourceTree = "<group>";
		};
		92DB62F8175CE52C000C2343 /* cell */ = {
			isa = PBXGroup;
			children = (
				925A953617E26CCF00211624 /* arrow.png */,
				925A953717E26CCF00211624 /* arrow@2x.png */,
				92DB62F9175CE52C000C2343 /* anchor.png */,
				92DB62FA175CE52C000C2343 /* anchor@2x.png */,
				92DB62FB175CE52C000C2343 /* favorited.png */,
			);
			path = cell;
			sourceTree = "<group>";
		};
		92DB62FC175CE52C000C2343 /* footer */ = {
			isa = PBXGroup;
			children = (
				92DB62FD175CE52C000C2343 /* aphorisms.png */,
				92DB62FE175CE52C000C2343 /* aphorisms@2x.png */,
				92DB62FF175CE52C000C2343 /* favorites.png */,
				92DB6300175CE52C000C2343 /* favorites@2x.png */,
				92DB6301175CE52C000C2343 /* settings.png */,
				92DB6302175CE52C000C2343 /* settings@2x.png */,
				92DB6303175CE52C000C2343 /* style.png */,
				92DB6304175CE52C000C2343 /* style@2x.png */,
				92DB6305175CE52C000C2343 /* thoughts.png */,
				92DB6306175CE52C000C2343 /* thoughts@2x.png */,
				92DB6307175CE52C000C2343 /* vocabulary.png */,
				92DB6308175CE52C000C2343 /* vocabulary@2x.png */,
			);
			path = footer;
			sourceTree = "<group>";
		};
		92DB630C175CE52C000C2343 /* Images_ru */ = {
			isa = PBXGroup;
			children = (
				92DB630D175CE52C000C2343 /* header */,
			);
			name = Images_ru;
			path = ru.lproj/Images_ru;
			sourceTree = "<group>";
		};
		92DB630D175CE52C000C2343 /* header */ = {
			isa = PBXGroup;
			children = (
				92D44DF217ECDDCA006BD09C /* 6_aphorisms_title_ru.png */,
				92D44DF317ECDDCA006BD09C /* 6_aphorisms_title_ru@2x.png */,
				92D44DF417ECDDCA006BD09C /* 6_favorites_title_ru.png */,
				92D44DF517ECDDCA006BD09C /* 6_favorites_title_ru@2x.png */,
				92D44DF617ECDDCA006BD09C /* 6_style_title_ru.png */,
				92D44DF717ECDDCA006BD09C /* 6_style_title_ru@2x.png */,
				92D44DF817ECDDCA006BD09C /* 6_thoughts_title_ru.png */,
				92D44DF917ECDDCA006BD09C /* 6_thoughts_title_ru@2x.png */,
				92D44DFA17ECDDCA006BD09C /* 6_vocabulary_title_ru.png */,
				92D44DFB17ECDDCA006BD09C /* 6_vocabulary_title_ru@2x.png */,
				92DB630E175CE52C000C2343 /* aphorisms_title_ru.png */,
				92DB630F175CE52C000C2343 /* aphorisms_title_ru@2x.png */,
				92810CBB176A077000C0A53C /* favorites_title_ru.png */,
				92810CBC176A077000C0A53C /* favorites_title_ru@2x.png */,
				92DB6310175CE52C000C2343 /* style_title_ru.png */,
				92DB6311175CE52C000C2343 /* style_title_ru@2x.png */,
				92DB6312175CE52C000C2343 /* thoughts_title_ru.png */,
				92DB6313175CE52C000C2343 /* thoughts_title_ru@2x.png */,
				92DB6314175CE52C000C2343 /* vocabulary_title_ru.png */,
				92DB6315175CE52C000C2343 /* vocabulary_title_ru@2x.png */,
			);
			path = header;
			sourceTree = "<group>";
		};
		92E8573C1743B4E300D61C42 = {
			isa = PBXGroup;
			children = (
				92DB62DD175CE52B000C2343 /* Resources */,
				9293406B1743C31800802420 /* Sources */,
				92E857461743B4E300D61C42 /* Products */,
				E200DACF8C9A2295C83E3FD9 /* Pods */,
				0484DD416842C09591FAB555 /* Frameworks */,
			);
			sourceTree = "<group>";
		};
		92E857461743B4E300D61C42 /* Products */ = {
			isa = PBXGroup;
			children = (
				92E857451743B4E300D61C42 /* Gentlehood.app */,
			);
			name = Products;
			sourceTree = "<group>";
		};
		E200DACF8C9A2295C83E3FD9 /* Pods */ = {
			isa = PBXGroup;
			children = (
				AFE6C73E7EB5303A019252A8 /* Pods.debug.xcconfig */,
				2FD07CB7162D57F5744C0789 /* Pods.release.xcconfig */,
			);
			name = Pods;
			sourceTree = "<group>";
		};
/* End PBXGroup section */

/* Begin PBXNativeTarget section */
		92E857441743B4E300D61C42 /* Gentlehood */ = {
			isa = PBXNativeTarget;
			buildConfigurationList = 92E857881743B4E400D61C42 /* Build configuration list for PBXNativeTarget "Gentlehood" */;
			buildPhases = (
				818DC31892B24733BE6006EE /* Check Pods Manifest.lock */,
				92A6FC89178373BB00B911BD /* ShellScript */,
				92E857411743B4E300D61C42 /* Sources */,
				92E857421743B4E300D61C42 /* Frameworks */,
				92E857431743B4E300D61C42 /* Resources */,
				DFA18D84DD6F425CB0134DC8 /* Copy Pods Resources */,
			);
			buildRules = (
			);
			dependencies = (
			);
			name = Gentlehood;
			productName = Gentlehood;
			productReference = 92E857451743B4E300D61C42 /* Gentlehood.app */;
			productType = "com.apple.product-type.application";
		};
/* End PBXNativeTarget section */

/* Begin PBXProject section */
		92E8573D1743B4E300D61C42 /* Project object */ = {
			isa = PBXProject;
			attributes = {
				LastUpgradeCheck = 0610;
				ORGANIZATIONNAME = "Anthony Shoumikhin";
				TargetAttributes = {
					92E857441743B4E300D61C42 = {
						DevelopmentTeam = 78E7V7QP35;
						SystemCapabilities = {
							com.apple.InterAppAudio = {
								enabled = 0;
							};
						};
					};
				};
			};
			buildConfigurationList = 92E857401743B4E300D61C42 /* Build configuration list for PBXProject "Gentlehood" */;
			compatibilityVersion = "Xcode 3.2";
			developmentRegion = English;
			hasScannedForEncodings = 0;
			knownRegions = (
				en,
				ru,
				Base,
			);
			mainGroup = 92E8573C1743B4E300D61C42;
			productRefGroup = 92E857461743B4E300D61C42 /* Products */;
			projectDirPath = "";
			projectRoot = "";
			targets = (
				92E857441743B4E300D61C42 /* Gentlehood */,
			);
		};
/* End PBXProject section */

/* Begin PBXResourcesBuildPhase section */
		92E857431743B4E300D61C42 /* Resources */ = {
			isa = PBXResourcesBuildPhase;
			buildActionMask = 2147483647;
			files = (
				92DB6319175CE52C000C2343 /* MainStoryboard.storyboard in Resources */,
				92DB631A175CE52C000C2343 /* InfoPlist.strings in Resources */,
				92DB631B175CE52C000C2343 /* Localizable.strings in Resources */,
				92DB631C175CE52C000C2343 /* MainStoryboard.strings in Resources */,
				92DB631E175CE52C000C2343 /* Default-568h@2x.png in Resources */,
				92D44DEF17ECDDB5006BD09C /* 6_thoughts_title_en@2x.png in Resources */,
				92DB631F175CE52C000C2343 /* Default.png in Resources */,
				92DB6320175CE52C000C2343 /* Default@2x.png in Resources */,
				92DB6321175CE52C000C2343 /* Icon-512.png in Resources */,
				92D44DEB17ECDDB5006BD09C /* 6_favorites_title_en@2x.png in Resources */,
				92D44DFE17ECDDCA006BD09C /* 6_favorites_title_ru.png in Resources */,
				92DB6322175CE52C000C2343 /* Icon-iPad.png in Resources */,
				92D44DFD17ECDDCA006BD09C /* 6_aphorisms_title_ru@2x.png in Resources */,
				92DB6323175CE52C000C2343 /* Icon.png in Resources */,
				92D44DF017ECDDB5006BD09C /* 6_vocabulary_title_en.png in Resources */,
				92DB6324175CE52C000C2343 /* Icon@2x.png in Resources */,
				92DB6325175CE52C000C2343 /* background.png in Resources */,
				92DB6326175CE52C000C2343 /* background@2x.png in Resources */,
				92DB6327175CE52C000C2343 /* logo.png in Resources */,
				92DB6328175CE52C000C2343 /* logo@2x.png in Resources */,
				92D44DED17ECDDB5006BD09C /* 6_style_title_en@2x.png in Resources */,
				92DB6329175CE52C000C2343 /* title.png in Resources */,
				92DB632A175CE52C000C2343 /* title@2x.png in Resources */,
				92DB632B175CE52C000C2343 /* anchor.png in Resources */,
				92D44E3B17F04558006BD09C /* gear.png in Resources */,
				92DB632C175CE52C000C2343 /* anchor@2x.png in Resources */,
				92D44DFC17ECDDCA006BD09C /* 6_aphorisms_title_ru.png in Resources */,
				92DB632D175CE52C000C2343 /* favorited.png in Resources */,
				92DB632E175CE52C000C2343 /* aphorisms.png in Resources */,
				92DB632F175CE52C000C2343 /* aphorisms@2x.png in Resources */,
				92D44E4017F06046006BD09C /* 6_gear.png in Resources */,
				92DB6330175CE52C000C2343 /* favorites.png in Resources */,
				92DB6331175CE52C000C2343 /* favorites@2x.png in Resources */,
				92DB6332175CE52C000C2343 /* settings.png in Resources */,
				92D44E0317ECDDCA006BD09C /* 6_thoughts_title_ru@2x.png in Resources */,
				92DB6333175CE52C000C2343 /* settings@2x.png in Resources */,
				92DB6334175CE52C000C2343 /* style.png in Resources */,
				92D44E3C17F04558006BD09C /* gear@2x.png in Resources */,
				92DB6335175CE52C000C2343 /* style@2x.png in Resources */,
				92D44E0517ECDDCA006BD09C /* 6_vocabulary_title_ru@2x.png in Resources */,
				92DB6336175CE52C000C2343 /* thoughts.png in Resources */,
				92DB6337175CE52C000C2343 /* thoughts@2x.png in Resources */,
				92DB6338175CE52C000C2343 /* vocabulary.png in Resources */,
				92DB6339175CE52C000C2343 /* vocabulary@2x.png in Resources */,
				92DB633C175CE52C000C2343 /* aphorisms_title_ru.png in Resources */,
				92D44E4117F06046006BD09C /* 6_gear@2x.png in Resources */,
				92D44DE817ECDDB5006BD09C /* 6_aphorisms_title_en.png in Resources */,
				92DB633D175CE52C000C2343 /* aphorisms_title_ru@2x.png in Resources */,
				92D44DEC17ECDDB5006BD09C /* 6_style_title_en.png in Resources */,
				92DB633E175CE52C000C2343 /* style_title_ru.png in Resources */,
				92DB633F175CE52C000C2343 /* style_title_ru@2x.png in Resources */,
				92DB6340175CE52C000C2343 /* thoughts_title_ru.png in Resources */,
				92D44DE917ECDDB5006BD09C /* 6_aphorisms_title_en@2x.png in Resources */,
				92DB6341175CE52C000C2343 /* thoughts_title_ru@2x.png in Resources */,
				92DB6342175CE52C000C2343 /* vocabulary_title_ru.png in Resources */,
				92DB6343175CE52C000C2343 /* vocabulary_title_ru@2x.png in Resources */,
				92810CBD176A077000C0A53C /* favorites_title_ru.png in Resources */,
				92D44E2917EF2CCD006BD09C /* Images.xcassets in Resources */,
				92810CBE176A077000C0A53C /* favorites_title_ru@2x.png in Resources */,
				92810CCA176A079E00C0A53C /* aphorisms_title_en.png in Resources */,
				92810CCB176A079E00C0A53C /* aphorisms_title_en@2x.png in Resources */,
				92810CCC176A079E00C0A53C /* favorites_title_en.png in Resources */,
				92810CCD176A079E00C0A53C /* favorites_title_en@2x.png in Resources */,
				92D44DEA17ECDDB5006BD09C /* 6_favorites_title_en.png in Resources */,
				92810CCE176A079E00C0A53C /* style_title_en.png in Resources */,
				92D44DFF17ECDDCA006BD09C /* 6_favorites_title_ru@2x.png in Resources */,
				92810CCF176A079E00C0A53C /* style_title_en@2x.png in Resources */,
				92D44E0217ECDDCA006BD09C /* 6_thoughts_title_ru.png in Resources */,
				92810CD0176A079E00C0A53C /* thoughts_title_en.png in Resources */,
				92810CD1176A079E00C0A53C /* thoughts_title_en@2x.png in Resources */,
				92D44DEE17ECDDB5006BD09C /* 6_thoughts_title_en.png in Resources */,
				92810CD2176A079E00C0A53C /* vocabulary_title_en.png in Resources */,
				92D44E4317F082A0006BD09C /* Settings.bundle in Resources */,
				92810CD3176A079E00C0A53C /* vocabulary_title_en@2x.png in Resources */,
				92D44E0017ECDDCA006BD09C /* 6_style_title_ru.png in Resources */,
				925A953817E26CCF00211624 /* arrow.png in Resources */,
				92D44E0117ECDDCA006BD09C /* 6_style_title_ru@2x.png in Resources */,
				92D44DF117ECDDB5006BD09C /* 6_vocabulary_title_en@2x.png in Resources */,
				92D44E0417ECDDCA006BD09C /* 6_vocabulary_title_ru.png in Resources */,
				925A953917E26CCF00211624 /* arrow@2x.png in Resources */,
			);
			runOnlyForDeploymentPostprocessing = 0;
		};
/* End PBXResourcesBuildPhase section */

/* Begin PBXShellScriptBuildPhase section */
		818DC31892B24733BE6006EE /* Check Pods Manifest.lock */ = {
			isa = PBXShellScriptBuildPhase;
			buildActionMask = 2147483647;
			files = (
			);
			inputPaths = (
			);
			name = "Check Pods Manifest.lock";
			outputPaths = (
			);
			runOnlyForDeploymentPostprocessing = 0;
			shellPath = /bin/sh;
			shellScript = "diff \"${PODS_ROOT}/../Podfile.lock\" \"${PODS_ROOT}/Manifest.lock\" > /dev/null\nif [[ $? != 0 ]] ; then\n    cat << EOM\nerror: The sandbox is not in sync with the Podfile.lock. Run 'pod install' or update your CocoaPods installation.\nEOM\n    exit 1\nfi\n";
		};
		92A6FC89178373BB00B911BD /* ShellScript */ = {
			isa = PBXShellScriptBuildPhase;
			buildActionMask = 2147483647;
			files = (
			);
			inputPaths = (
			);
			outputPaths = (
			);
			runOnlyForDeploymentPostprocessing = 0;
			shellPath = /bin/sh;
			shellScript = "cd Sources/Models\n/usr/local/bin/mogenerator --template-var arc=true -m Model.xcdatamodeld/*.xcdatamodel -M Machine/ -H Human/\ncd -";
		};
		DFA18D84DD6F425CB0134DC8 /* Copy Pods Resources */ = {
			isa = PBXShellScriptBuildPhase;
			buildActionMask = 2147483647;
			files = (
			);
			inputPaths = (
			);
			name = "Copy Pods Resources";
			outputPaths = (
			);
			runOnlyForDeploymentPostprocessing = 0;
			shellPath = /bin/sh;
			shellScript = "\"${SRCROOT}/Pods/Target Support Files/Pods/Pods-resources.sh\"\n";
			showEnvVarsInLog = 0;
		};
/* End PBXShellScriptBuildPhase section */

/* Begin PBXSourcesBuildPhase section */
		92E857411743B4E300D61C42 /* Sources */ = {
			isa = PBXSourcesBuildPhase;
			buildActionMask = 2147483647;
			files = (
				929340821743C31800802420 /* AppDelegate.m in Sources */,
				929340851743C31800802420 /* main.m in Sources */,
				9293413117441A7300802420 /* GHAphorismsViewController.m in Sources */,
				9293413317441A7300802420 /* GHStyleViewController.m in Sources */,
				9293413417441A7300802420 /* GHWisdomViewController.m in Sources */,
				92B0E25517EAEC1E0078C851 /* _GHAttachment.m in Sources */,
				9293413517441A7300802420 /* GHVocabularyDefinitionViewController.m in Sources */,
				92D3594517452F120059A902 /* GHRootViewController.m in Sources */,
				92D359A417453C090059A902 /* Definitions.m in Sources */,
				92D359A7174541720059A902 /* GHContentViewController.m in Sources */,
				92D359AA1745FD890059A902 /* GHWebCell.m in Sources */,
				92DB6348175D0C35000C2343 /* GHFavoritesViewController.m in Sources */,
				92DB634B175D0EE7000C2343 /* Model.xcdatamodeld in Sources */,
				92B0E25817EAEC630078C851 /* GHAttachment.m in Sources */,
				92A6FC851783736A00B911BD /* GHCategory.m in Sources */,
				92A6FC861783736A00B911BD /* GHPost.m in Sources */,
				92A6FC871783736A00B911BD /* _GHCategory.m in Sources */,
				92D44E3717EFA7FF006BD09C /* GHPostViewController.m in Sources */,
				92A6FC881783736A00B911BD /* _GHPost.m in Sources */,
				92160CD717DEAF2C00933199 /* GHVocabularyViewController.m in Sources */,
			);
			runOnlyForDeploymentPostprocessing = 0;
		};
/* End PBXSourcesBuildPhase section */

/* Begin PBXVariantGroup section */
		92DB62DE175CE52B000C2343 /* MainStoryboard.storyboard */ = {
			isa = PBXVariantGroup;
			children = (
				92DB62DF175CE52B000C2343 /* Base */,
				928BBCFB17F2204E00C723F6 /* ru */,
				928BBCFD17F2205900C723F6 /* en */,
			);
			name = MainStoryboard.storyboard;
			sourceTree = "<group>";
		};
		92DB62E1175CE52B000C2343 /* InfoPlist.strings */ = {
			isa = PBXVariantGroup;
			children = (
				92DB62E2175CE52B000C2343 /* en */,
				92DB6316175CE52C000C2343 /* ru */,
			);
			name = InfoPlist.strings;
			sourceTree = "<group>";
		};
		92DB62E3175CE52B000C2343 /* Localizable.strings */ = {
			isa = PBXVariantGroup;
			children = (
				92DB62E4175CE52B000C2343 /* en */,
				92DB6317175CE52C000C2343 /* ru */,
			);
			name = Localizable.strings;
			sourceTree = "<group>";
		};
		92DB62E5175CE52C000C2343 /* MainStoryboard.strings */ = {
			isa = PBXVariantGroup;
			children = (
				92DB62E6175CE52C000C2343 /* en */,
				92DB6318175CE52C000C2343 /* ru */,
			);
			name = MainStoryboard.strings;
			sourceTree = "<group>";
		};
/* End PBXVariantGroup section */

/* Begin XCBuildConfiguration section */
		92E857861743B4E400D61C42 /* Debug */ = {
			isa = XCBuildConfiguration;
			buildSettings = {
				CLANG_CXX_LANGUAGE_STANDARD = "gnu++0x";
				CLANG_CXX_LIBRARY = "libc++";
				CLANG_ENABLE_OBJC_ARC = YES;
				CLANG_WARN_CONSTANT_CONVERSION = YES;
				CLANG_WARN_EMPTY_BODY = YES;
				CLANG_WARN_ENUM_CONVERSION = YES;
				CLANG_WARN_INT_CONVERSION = YES;
				CLANG_WARN__DUPLICATE_METHOD_MATCH = YES;
				COPY_PHASE_STRIP = NO;
				GCC_C_LANGUAGE_STANDARD = gnu99;
				GCC_DYNAMIC_NO_PIC = NO;
				GCC_OPTIMIZATION_LEVEL = 0;
				GCC_PREPROCESSOR_DEFINITIONS = (
					"DEBUG=1",
					"$(inherited)",
				);
				GCC_SYMBOLS_PRIVATE_EXTERN = NO;
				GCC_WARN_ABOUT_RETURN_TYPE = YES;
				GCC_WARN_UNINITIALIZED_AUTOS = YES;
				GCC_WARN_UNUSED_VARIABLE = YES;
				IPHONEOS_DEPLOYMENT_TARGET = 6.0;
				ONLY_ACTIVE_ARCH = YES;
				SDKROOT = iphoneos;
			};
			name = Debug;
		};
		92E857871743B4E400D61C42 /* Release */ = {
			isa = XCBuildConfiguration;
			buildSettings = {
				CLANG_CXX_LANGUAGE_STANDARD = "gnu++0x";
				CLANG_CXX_LIBRARY = "libc++";
				CLANG_ENABLE_OBJC_ARC = YES;
				CLANG_WARN_CONSTANT_CONVERSION = YES;
				CLANG_WARN_EMPTY_BODY = YES;
				CLANG_WARN_ENUM_CONVERSION = YES;
				CLANG_WARN_INT_CONVERSION = YES;
				CLANG_WARN__DUPLICATE_METHOD_MATCH = YES;
				COPY_PHASE_STRIP = YES;
				GCC_C_LANGUAGE_STANDARD = gnu99;
				GCC_WARN_ABOUT_RETURN_TYPE = YES;
				GCC_WARN_UNINITIALIZED_AUTOS = YES;
				GCC_WARN_UNUSED_VARIABLE = YES;
				IPHONEOS_DEPLOYMENT_TARGET = 6.0;
				OTHER_CFLAGS = "-DNS_BLOCK_ASSERTIONS=1";
				SDKROOT = iphoneos;
				VALIDATE_PRODUCT = YES;
			};
			name = Release;
		};
		92E857891743B4E400D61C42 /* Debug */ = {
			isa = XCBuildConfiguration;
			baseConfigurationReference = AFE6C73E7EB5303A019252A8 /* Pods.debug.xcconfig */;
			buildSettings = {
				ASSETCATALOG_COMPILER_APPICON_NAME = AppIcon;
				ASSETCATALOG_COMPILER_LAUNCHIMAGE_NAME = LaunchImage;
				CODE_SIGN_IDENTITY = "iPhone Developer";
				"CODE_SIGN_IDENTITY[sdk=iphoneos*]" = "iPhone Developer";
				FRAMEWORK_SEARCH_PATHS = (
					"$(inherited)",
					"\"$(SRCROOT)\"",
				);
				GCC_PRECOMPILE_PREFIX_HEADER = YES;
				GCC_PREFIX_HEADER = "Sources/Gentlehood-Prefix.pch";
				INFOPLIST_FILE = "Resources/Gentlehood-Info.plist";
				PRODUCT_NAME = "$(TARGET_NAME)";
				PROVISIONING_PROFILE = "";
				WRAPPER_EXTENSION = app;
			};
			name = Debug;
		};
		92E8578A1743B4E400D61C42 /* Release */ = {
			isa = XCBuildConfiguration;
			baseConfigurationReference = 2FD07CB7162D57F5744C0789 /* Pods.release.xcconfig */;
			buildSettings = {
				ASSETCATALOG_COMPILER_APPICON_NAME = AppIcon;
				ASSETCATALOG_COMPILER_LAUNCHIMAGE_NAME = LaunchImage;
				CODE_SIGN_IDENTITY = "iPhone Developer";
				"CODE_SIGN_IDENTITY[sdk=iphoneos*]" = "iPhone Developer";
				FRAMEWORK_SEARCH_PATHS = (
					"$(inherited)",
					"\"$(SRCROOT)\"",
				);
				GCC_PRECOMPILE_PREFIX_HEADER = YES;
				GCC_PREFIX_HEADER = "Sources/Gentlehood-Prefix.pch";
				INFOPLIST_FILE = "Resources/Gentlehood-Info.plist";
				PRODUCT_NAME = "$(TARGET_NAME)";
				PROVISIONING_PROFILE = "";
				WRAPPER_EXTENSION = app;
			};
			name = Release;
		};
/* End XCBuildConfiguration section */

/* Begin XCConfigurationList section */
		92E857401743B4E300D61C42 /* Build configuration list for PBXProject "Gentlehood" */ = {
			isa = XCConfigurationList;
			buildConfigurations = (
				92E857861743B4E400D61C42 /* Debug */,
				92E857871743B4E400D61C42 /* Release */,
			);
			defaultConfigurationIsVisible = 0;
			defaultConfigurationName = Release;
		};
		92E857881743B4E400D61C42 /* Build configuration list for PBXNativeTarget "Gentlehood" */ = {
			isa = XCConfigurationList;
			buildConfigurations = (
				92E857891743B4E400D61C42 /* Debug */,
				92E8578A1743B4E400D61C42 /* Release */,
			);
			defaultConfigurationIsVisible = 0;
			defaultConfigurationName = Release;
		};
/* End XCConfigurationList section */

/* Begin XCVersionGroup section */
		92DB6349175D0EE7000C2343 /* Model.xcdatamodeld */ = {
			isa = XCVersionGroup;
			children = (
				92DB634A175D0EE7000C2343 /* Model.xcdatamodel */,
			);
			currentVersion = 92DB634A175D0EE7000C2343 /* Model.xcdatamodel */;
			path = Model.xcdatamodeld;
			sourceTree = "<group>";
			versionGroupType = wrapper.xcdatamodel;
		};
/* End XCVersionGroup section */
	};
	rootObject = 92E8573D1743B4E300D61C42 /* Project object */;
}
